
Microsoft Visual Studio Solution File, Format Version 12.00
# Visual Studio 2013
VisualStudioVersion = 12.0.21005.1
MinimumVisualStudioVersion = 10.0.40219.1
Project("{FAE04EC0-301F-11D3-BF4B-00C04F79EFBC}") = "Reception", "PaperlessPrint\Reception.csproj", "{17047B97-303A-48F3-B619-71020D7570F9}"
EndProject
Project("{FAE04EC0-301F-11D3-BF4B-00C04F79EFBC}") = "Tablet", "Tablet\Tablet.csproj", "{380BB524-E314-4299-89DC-DEFF616B0995}"
EndProject
Project("{FAE04EC0-301F-11D3-BF4B-00C04F79EFBC}") = "Common", "Common\Common.csproj", "{3A432FCE-6237-4870-9730-3524B1F6C244}"
EndProject
Global
	GlobalSection(SolutionConfigurationPlatforms) = preSolution
		Debug|Any CPU = Debug|Any CPU
		Release|Any CPU = Release|Any CPU
	EndGlobalSection
	GlobalSection(ProjectConfigurationPlatforms) = postSolution
		{17047B97-303A-48F3-B619-71020D7570F9}.Debug|Any CPU.ActiveCfg = Debug|Any CPU
		{17047B97-303A-48F3-B619-71020D7570F9}.Debug|Any CPU.Build.0 = Debug|Any CPU
		{17047B97-303A-48F3-B619-71020D7570F9}.Release|Any CPU.ActiveCfg = Release|Any CPU
		{17047B97-303A-48F3-B619-71020D7570F9}.Release|Any CPU.Build.0 = Release|Any CPU
		{380BB524-E314-4299-89DC-DEFF616B0995}.Debug|Any CPU.ActiveCfg = Debug|Any CPU
		{380BB524-E314-4299-89DC-DEFF616B0995}.Debug|Any CPU.Build.0 = Debug|Any CPU
		{380BB524-E314-4299-89DC-DEFF616B0995}.Release|Any CPU.ActiveCfg = Release|Any CPU
		{380BB524-E314-4299-89DC-DEFF616B0995}.Release|Any CPU.Build.0 = Release|Any CPU
		{3A432FCE-6237-4870-9730-3524B1F6C244}.Debug|Any CPU.ActiveCfg = Debug|Any CPU
		{3A432FCE-6237-4870-9730-3524B1F6C244}.Debug|Any CPU.Build.0 = Debug|Any CPU
		{3A432FCE-6237-4870-9730-3524B1F6C244}.Release|Any CPU.ActiveCfg = Release|Any CPU
		{3A432FCE-6237-4870-9730-3524B1F6C244}.Release|Any CPU.Build.0 = Release|Any CPU
	EndGlobalSection
	GlobalSection(SolutionProperties) = preSolution
		HideSolutionNode = FALSE
	EndGlobalSection
EndGlobal
